// !$*UTF8*$!
{
	archiveVersion = 1;
	classes = {
	};
	objectVersion = 56;
	objects = {

/* Begin PBXBuildFile section */
		4D5EFC56ACF847AA915B1D16 /* LaunchScreen.storyboard in Resources */ = {isa = PBXBuildFile; fileRef = 5FA87F531EDB4E21A8F9FDAB /* LaunchScreen.storyboard */; };
		5C20FA9A3A924DB8BFF95BB8 /* Services/AuthService.swift in Sources */ = {isa = PBXBuildFile; fileRef = 7A6F376FB37E4ECCA09E2FC9 /* Services/AuthService.swift */; };
		61F9D9EBEF1B4978933E2E51 /* Supabase in Frameworks */ = {isa = PBXBuildFile; productRef = 61F9D9EAEF1B4978933E2E50 /* Supabase */; };
		926E6249870741DCB9C75C62 /* LoginView.swift in Sources */ = {isa = PBXBuildFile; fileRef = 70E32FB058A04056809C1CBD /* LoginView.swift */; };
		9A88A6D62F02E992009259D7 /* Auth in Frameworks */ = {isa = PBXBuildFile; productRef = 9A88A6D52F02E992009259D7 /* Auth */; };
		9A88A6D82F02E992009259D7 /* Functions in Frameworks */ = {isa = PBXBuildFile; productRef = 9A88A6D72F02E992009259D7 /* Functions */; };
		9A88A6DA2F02E992009259D7 /* PostgREST in Frameworks */ = {isa = PBXBuildFile; productRef = 9A88A6D92F02E992009259D7 /* PostgREST */; };
		9A88A6DC2F02E992009259D7 /* Realtime in Frameworks */ = {isa = PBXBuildFile; productRef = 9A88A6DB2F02E992009259D7 /* Realtime */; };
		9A88A6DE2F02E992009259D7 /* Storage in Frameworks */ = {isa = PBXBuildFile; productRef = 9A88A6DD2F02E992009259D7 /* Storage */; };
		9A88A6E02F02EE2B009259D7 /* Services/StoriesService.swift in Sources */ = {isa = PBXBuildFile; fileRef = 9A88A6DF2F02EE2B009259D7 /* Services/StoriesService.swift */; };
		9A88A6E12F02EE2B009259D8 /* Services/ChildrenService.swift in Sources */ = {isa = PBXBuildFile; fileRef = 9A88A6E22F02EE2B009259D8 /* Services/ChildrenService.swift */; };
		9AA414DC2F2144B800CE76F7 /* DailyFreeStoriesCache.swift in Sources */ = {isa = PBXBuildFile; fileRef = 9AA414DB2F2144B800CE76F7 /* DailyFreeStoriesCache.swift */; };
		9AA414E12F21442600CE76F8 /* Services/DailyFreeStoriesCacheService.swift in Sources */ = {isa = PBXBuildFile; fileRef = 9AA414E02F21442600CE76F8 /* Services/DailyFreeStoriesCacheService.swift */; };
		9AAB74292F02E21D005C3BE7 /* Services/SupabaseConfig.swift in Sources */ = {isa = PBXBuildFile; fileRef = 9AAB74272F02E21D005C3BE7 /* Services/SupabaseConfig.swift */; };
		A1000001 /* App.swift in Sources */ = {isa = PBXBuildFile; fileRef = A1000000 /* App.swift */; };
		A1000003 /* ContentView.swift in Sources */ = {isa = PBXBuildFile; fileRef = A1000002 /* ContentView.swift */; };
		A1000005 /* Assets.xcassets in Resources */ = {isa = PBXBuildFile; fileRef = A1000004 /* Assets.xcassets */; };
		A1000008 /* Preview Assets.xcassets in Resources */ = {isa = PBXBuildFile; fileRef = A1000007 /* Preview Assets.xcassets */; };
		A1000100 /* FlagEmoji.swift in Sources */ = {isa = PBXBuildFile; fileRef = A1000101 /* FlagEmoji.swift */; };
		A1000102 /* FilterButton.swift in Sources */ = {isa = PBXBuildFile; fileRef = A1000103 /* FilterButton.swift */; };
		A1000104 /* AnimatedBookIcon.swift in Sources */ = {isa = PBXBuildFile; fileRef = A1000105 /* AnimatedBookIcon.swift */; };
		A1000106 /* StoryLibraryRow.swift in Sources */ = {isa = PBXBuildFile; fileRef = A1000107 /* StoryLibraryRow.swift */; };
		A1000108 /* StoryContentView.swift in Sources */ = {isa = PBXBuildFile; fileRef = A1000109 /* StoryContentView.swift */; };
		A100010A /* PaywallFeatureRow.swift in Sources */ = {isa = PBXBuildFile; fileRef = A100010B /* PaywallFeatureRow.swift */; };
		A100010C /* ChildRowView.swift in Sources */ = {isa = PBXBuildFile; fileRef = A100010D /* ChildRowView.swift */; };
		A100010E /* ChildDetailView.swift in Sources */ = {isa = PBXBuildFile; fileRef = A100010F /* ChildDetailView.swift */; };
		A1000110 /* FreeDemoStoryCard.swift in Sources */ = {isa = PBXBuildFile; fileRef = A1000111 /* FreeDemoStoryCard.swift */; };
		A1000112 /* FeatureCard.swift in Sources */ = {isa = PBXBuildFile; fileRef = A1000113 /* FeatureCard.swift */; };
		A1000114 /* GetStartedCard.swift in Sources */ = {isa = PBXBuildFile; fileRef = A1000115 /* GetStartedCard.swift */; };
		A1000116 /* ChildProfileCircle.swift in Sources */ = {isa = PBXBuildFile; fileRef = A1000117 /* ChildProfileCircle.swift */; };
		A1000118 /* StoryCard.swift in Sources */ = {isa = PBXBuildFile; fileRef = A1000119 /* StoryCard.swift */; };
		A100011A /* ThemeButton.swift in Sources */ = {isa = PBXBuildFile; fileRef = A100011B /* ThemeButton.swift */; };
		A100011C /* StoryReadingView.swift in Sources */ = {isa = PBXBuildFile; fileRef = A100011D /* StoryReadingView.swift */; };
		A100011E /* ProfileSwitcherButton.swift in Sources */ = {isa = PBXBuildFile; fileRef = A100011F /* ProfileSwitcherButton.swift */; };
		A1000120 /* ChildPickerView.swift in Sources */ = {isa = PBXBuildFile; fileRef = A1000121 /* ChildPickerView.swift */; };
		A1000122 /* ShareSheet.swift in Sources */ = {isa = PBXBuildFile; fileRef = A1000123 /* ShareSheet.swift */; };
		A1000124 /* ParentProfileCard.swift in Sources */ = {isa = PBXBuildFile; fileRef = A1000125 /* ParentProfileCard.swift */; };
		A1000126 /* ChildCardView.swift in Sources */ = {isa = PBXBuildFile; fileRef = A1000127 /* ChildCardView.swift */; };
		A1000128 /* GuestModeBanner.swift in Sources */ = {isa = PBXBuildFile; fileRef = A1000129 /* GuestModeBanner.swift */; };
		A100012A /* ProfileEditView.swift in Sources */ = {isa = PBXBuildFile; fileRef = A100012B /* ProfileEditView.swift */; };
		A100012C /* TabBarButton.swift in Sources */ = {isa = PBXBuildFile; fileRef = A100012D /* TabBarButton.swift */; };
		A100012E /* HeroInterestChip.swift in Sources */ = {isa = PBXBuildFile; fileRef = A100012F /* HeroInterestChip.swift */; };
		A1000130 /* StarParticleAnimation.swift in Sources */ = {isa = PBXBuildFile; fileRef = A1000131 /* StarParticleAnimation.swift */; };
		A1000132 /* EditChildView.swift in Sources */ = {isa = PBXBuildFile; fileRef = A1000133 /* EditChildView.swift */; };
		A1000136 /* TonightsPickCard.swift in Sources */ = {isa = PBXBuildFile; fileRef = A1000135 /* TonightsPickCard.swift */; };
		B1000001 /* HapticFeedback.swift in Sources */ = {isa = PBXBuildFile; fileRef = B1000002 /* HapticFeedback.swift */; };
		B1000003 /* ChildAvatarView.swift in Sources */ = {isa = PBXBuildFile; fileRef = B1000004 /* ChildAvatarView.swift */; };
		B1000005 /* GenerateStoryComponents.swift in Sources */ = {isa = PBXBuildFile; fileRef = B1000006 /* GenerateStoryComponents.swift */; };
		B1000007 /* GenerateStoryEmptyStateView.swift in Sources */ = {isa = PBXBuildFile; fileRef = B1000008 /* GenerateStoryEmptyStateView.swift */; };
		B1000009 /* DurationSectionView.swift in Sources */ = {isa = PBXBuildFile; fileRef = B100000A /* DurationSectionView.swift */; };
		B100000B /* ThemeSelectionSection.swift in Sources */ = {isa = PBXBuildFile; fileRef = B100000C /* ThemeSelectionSection.swift */; };
		B100000D /* PlotSectionView.swift in Sources */ = {isa = PBXBuildFile; fileRef = B100000E /* PlotSectionView.swift */; };
		B100000F /* HomeWelcomeHeader.swift in Sources */ = {isa = PBXBuildFile; fileRef = B1000010 /* HomeWelcomeHeader.swift */; };
		B1000011 /* DailyFreeStorySection.swift in Sources */ = {isa = PBXBuildFile; fileRef = B1000012 /* DailyFreeStorySection.swift */; };
		B1000013 /* RecentMagicSection.swift in Sources */ = {isa = PBXBuildFile; fileRef = B1000014 /* RecentMagicSection.swift */; };
		B1000015 /* LibraryComponents.swift in Sources */ = {isa = PBXBuildFile; fileRef = B1000016 /* LibraryComponents.swift */; };
		D9E2D5DB2EFD60A40082D3B4 /* StoriesStore.swift in Sources */ = {isa = PBXBuildFile; fileRef = D9E2D5D12EFD60A40082D3B4 /* StoriesStore.swift */; };
		D9E2D5DC2EFD60A40082D3B4 /* ChildrenStore.swift in Sources */ = {isa = PBXBuildFile; fileRef = D9E2D5D02EFD60A40082D3B4 /* ChildrenStore.swift */; };
		D9E2D5DE2EFD60A40082D3B4 /* AppTheme.swift in Sources */ = {isa = PBXBuildFile; fileRef = D9E2D5CE2EFD60A40082D3B4 /* AppTheme.swift */; };
		D9E2D5DF2EFD60A40082D3B4 /* HomeView.swift in Sources */ = {isa = PBXBuildFile; fileRef = D9E2D5D62EFD60A40082D3B4 /* HomeView.swift */; };
		D9E2D5E02EFD60A40082D3B4 /* LibraryView.swift in Sources */ = {isa = PBXBuildFile; fileRef = D9E2D5D72EFD60A40082D3B4 /* LibraryView.swift */; };
		D9E2D5E12EFD60A40082D3B4 /* Story.swift in Sources */ = {isa = PBXBuildFile; fileRef = D9E2D5CC2EFD60A40082D3B4 /* Story.swift */; };
		D9E2D5E22EFD60A40082D3B4 /* GenerateStoryView.swift in Sources */ = {isa = PBXBuildFile; fileRef = D9E2D5D52EFD60A40082D3B4 /* GenerateStoryView.swift */; };
		D9E2D5E32EFD60A40082D3B4 /* AddChildView.swift in Sources */ = {isa = PBXBuildFile; fileRef = D9E2D5D32EFD60A40082D3B4 /* AddChildView.swift */; };
		D9E2D5E42EFD60A40082D3B4 /* SettingsView.swift in Sources */ = {isa = PBXBuildFile; fileRef = D9E2D5D92EFD60A40082D3B4 /* SettingsView.swift */; };
		D9E2D5E52EFD60A40082D3B4 /* MainTabView.swift in Sources */ = {isa = PBXBuildFile; fileRef = D9E2D5D82EFD60A40082D3B4 /* MainTabView.swift */; };
		D9E2D5E62EFD60A40082D3B4 /* Child.swift in Sources */ = {isa = PBXBuildFile; fileRef = D9E2D5CB2EFD60A40082D3B4 /* Child.swift */; };
		D9E2D5E72EFD60A40082D3B5 /* PremiumManager.swift in Sources */ = {isa = PBXBuildFile; fileRef = D9E2D5E62EFD60A40082D3B5 /* PremiumManager.swift */; };
		D9E2D5E92EFD60A40082D3B6 /* UserSettings.swift in Sources */ = {isa = PBXBuildFile; fileRef = D9E2D5E82EFD60A40082D3B6 /* UserSettings.swift */; };
		D9E2D5EC2EFD60A40082D3B8 /* PaywallView.swift in Sources */ = {isa = PBXBuildFile; fileRef = D9E2D5ED2EFD60A40082D3B8 /* PaywallView.swift */; };
		D9E2D5EE2EFD60A40082D3B9 /* StoryResultView.swift in Sources */ = {isa = PBXBuildFile; fileRef = D9E2D5EF2EFD60A40082D3B9 /* StoryResultView.swift */; };
		D9E2D5F02EFD60A40082D3BA /* GenerateStoryViewModel.swift in Sources */ = {isa = PBXBuildFile; fileRef = D9E2D5F12EFD60A40082D3BA /* GenerateStoryViewModel.swift */; };
		D9E2D5F22EFD60A40082D3BB /* ChildSelectionButton.swift in Sources */ = {isa = PBXBuildFile; fileRef = D9E2D5F32EFD60A40082D3BB /* ChildSelectionButton.swift */; };
		D9E2D5F42EFD60A40082D3BC /* DashedButton.swift in Sources */ = {isa = PBXBuildFile; fileRef = D9E2D5F52EFD60A40082D3BC /* DashedButton.swift */; };
		D9E2D5F62EFD60A40082D3BD /* SettingsRow.swift in Sources */ = {isa = PBXBuildFile; fileRef = D9E2D5F72EFD60A40082D3BD /* SettingsRow.swift */; };
		D9E2D5F82EFD60A40082D3BE /* ThemeSelectionButton.swift in Sources */ = {isa = PBXBuildFile; fileRef = D9E2D5F92EFD60A40082D3BE /* ThemeSelectionButton.swift */; };
		D9E2D5FA2EFD60A40082D3BF /* LanguageSelectionView.swift in Sources */ = {isa = PBXBuildFile; fileRef = D9E2D5FB2EFD60A40082D3BF /* LanguageSelectionView.swift */; };
		D9E2D5FC2EFD60A40082D3C0 /* SettingsPlaceholderViews.swift in Sources */ = {isa = PBXBuildFile; fileRef = D9E2D5FD2EFD60A40082D3C0 /* SettingsPlaceholderViews.swift */; };
		D9E2D5FE2EFD60A40082D3C1 /* ThemeSelectionView.swift in Sources */ = {isa = PBXBuildFile; fileRef = D9E2D5FF2EFD60A40082D3C1 /* ThemeSelectionView.swift */; };
		D9E2D6062EFD60A40082D3C6 /* SignUpView.swift in Sources */ = {isa = PBXBuildFile; fileRef = D9E2D6072EFD60A40082D3C6 /* SignUpView.swift */; };
		D9E2D60A2EFD60A40082D3C8 /* CustomTabBar.swift in Sources */ = {isa = PBXBuildFile; fileRef = D9E2D60B2EFD60A40082D3C8 /* CustomTabBar.swift */; };
		D9E2D60C2EFD60A40082D3C9 /* MagicSegmentedSelector.swift in Sources */ = {isa = PBXBuildFile; fileRef = D9E2D60D2EFD60A40082D3C9 /* MagicSegmentedSelector.swift */; };
		D9E2D60E2EFD60A40082D3CA /* ProtagonistStyleSelector.swift in Sources */ = {isa = PBXBuildFile; fileRef = D9E2D60F2EFD60A40082D3CA /* ProtagonistStyleSelector.swift */; };
		D9E2D6102EFD60A40082D3CB /* AgeGroupGridSelector.swift in Sources */ = {isa = PBXBuildFile; fileRef = D9E2D6112EFD60A40082D3CB /* AgeGroupGridSelector.swift */; };
		E7A1C2D3E4F5A6B700112233 /* StoryGeneratingView.swift in Sources */ = {isa = PBXBuildFile; fileRef = E7A1C2D3E4F5A6B700112234 /* StoryGeneratingView.swift */; };
		F1A2B3C4D5E6F7A8B9C0D1E2F3 /* Services/LocalizationManager.swift in Sources */ = {isa = PBXBuildFile; fileRef = F1A2B3C4D5E6F7A8B9C0D1E2F4 /* Services/LocalizationManager.swift */; };
/* End PBXBuildFile section */

/* Begin PBXFileReference section */
		5FA87F531EDB4E21A8F9FDAB /* LaunchScreen.storyboard */ = {isa = PBXFileReference; lastKnownFileType = file.storyboard; path = LaunchScreen.storyboard; sourceTree = "<group>"; };
		70E32FB058A04056809C1CBD /* LoginView.swift */ = {isa = PBXFileReference; lastKnownFileType = sourcecode.swift; path = LoginView.swift; sourceTree = "<group>"; };
		7A6F376FB37E4ECCA09E2FC9 /* Services/AuthService.swift */ = {isa = PBXFileReference; lastKnownFileType = sourcecode.swift; path = Services/AuthService.swift; sourceTree = "<group>"; };
		9A88A6DF2F02EE2B009259D7 /* Services/StoriesService.swift */ = {isa = PBXFileReference; lastKnownFileType = sourcecode.swift; path = Services/StoriesService.swift; sourceTree = "<group>"; };
		9A88A6E12F02FDD8009259D7 /* FairyTalesAIDebug.entitlements */ = {isa = PBXFileReference; lastKnownFileType = text.plist.entitlements; path = FairyTalesAIDebug.entitlements; sourceTree = "<group>"; };
		9A88A6E22F02EE2B009259D8 /* Services/ChildrenService.swift */ = {isa = PBXFileReference; lastKnownFileType = sourcecode.swift; path = Services/ChildrenService.swift; sourceTree = "<group>"; };
		9AA414DB2F2144B800CE76F7 /* DailyFreeStoriesCache.swift */ = {isa = PBXFileReference; lastKnownFileType = sourcecode.swift; path = DailyFreeStoriesCache.swift; sourceTree = "<group>"; };
		9AA414E02F21442600CE76F8 /* Services/DailyFreeStoriesCacheService.swift */ = {isa = PBXFileReference; lastKnownFileType = sourcecode.swift; path = Services/DailyFreeStoriesCacheService.swift; sourceTree = "<group>"; };
		9AAB74272F02E21D005C3BE7 /* Services/SupabaseConfig.swift */ = {isa = PBXFileReference; lastKnownFileType = sourcecode.swift; path = Services/SupabaseConfig.swift; sourceTree = "<group>"; };
		A0FFFFFF /* FairyTalesAI.app */ = {isa = PBXFileReference; explicitFileType = wrapper.application; includeInIndex = 0; path = FairyTalesAI.app; sourceTree = BUILT_PRODUCTS_DIR; };
		A1000000 /* App.swift */ = {isa = PBXFileReference; lastKnownFileType = sourcecode.swift; path = App.swift; sourceTree = "<group>"; };
		A1000002 /* ContentView.swift */ = {isa = PBXFileReference; lastKnownFileType = sourcecode.swift; path = ContentView.swift; sourceTree = "<group>"; };
		A1000004 /* Assets.xcassets */ = {isa = PBXFileReference; lastKnownFileType = folder.assetcatalog; path = Assets.xcassets; sourceTree = "<group>"; };
		A1000007 /* Preview Assets.xcassets */ = {isa = PBXFileReference; lastKnownFileType = folder.assetcatalog; path = "Preview Assets.xcassets"; sourceTree = "<group>"; };
		A1000009 /* FairyTalesAI.entitlements */ = {isa = PBXFileReference; lastKnownFileType = text.plist.entitlements; path = FairyTalesAI.entitlements; sourceTree = "<group>"; };
		A1000101 /* FlagEmoji.swift */ = {isa = PBXFileReference; lastKnownFileType = sourcecode.swift; path = FlagEmoji.swift; sourceTree = "<group>"; };
		A1000103 /* FilterButton.swift */ = {isa = PBXFileReference; lastKnownFileType = sourcecode.swift; path = FilterButton.swift; sourceTree = "<group>"; };
		A1000105 /* AnimatedBookIcon.swift */ = {isa = PBXFileReference; lastKnownFileType = sourcecode.swift; path = AnimatedBookIcon.swift; sourceTree = "<group>"; };
		A1000107 /* StoryLibraryRow.swift */ = {isa = PBXFileReference; lastKnownFileType = sourcecode.swift; path = StoryLibraryRow.swift; sourceTree = "<group>"; };
		A1000109 /* StoryContentView.swift */ = {isa = PBXFileReference; lastKnownFileType = sourcecode.swift; path = StoryContentView.swift; sourceTree = "<group>"; };
		A100010B /* PaywallFeatureRow.swift */ = {isa = PBXFileReference; lastKnownFileType = sourcecode.swift; path = PaywallFeatureRow.swift; sourceTree = "<group>"; };
		A100010D /* ChildRowView.swift */ = {isa = PBXFileReference; lastKnownFileType = sourcecode.swift; path = ChildRowView.swift; sourceTree = "<group>"; };
		A100010F /* ChildDetailView.swift */ = {isa = PBXFileReference; lastKnownFileType = sourcecode.swift; path = ChildDetailView.swift; sourceTree = "<group>"; };
		A1000111 /* FreeDemoStoryCard.swift */ = {isa = PBXFileReference; lastKnownFileType = sourcecode.swift; path = FreeDemoStoryCard.swift; sourceTree = "<group>"; };
		A1000113 /* FeatureCard.swift */ = {isa = PBXFileReference; lastKnownFileType = sourcecode.swift; path = FeatureCard.swift; sourceTree = "<group>"; };
		A1000115 /* GetStartedCard.swift */ = {isa = PBXFileReference; lastKnownFileType = sourcecode.swift; path = GetStartedCard.swift; sourceTree = "<group>"; };
		A1000117 /* ChildProfileCircle.swift */ = {isa = PBXFileReference; lastKnownFileType = sourcecode.swift; path = ChildProfileCircle.swift; sourceTree = "<group>"; };
		A1000119 /* StoryCard.swift */ = {isa = PBXFileReference; lastKnownFileType = sourcecode.swift; path = StoryCard.swift; sourceTree = "<group>"; };
		A100011B /* ThemeButton.swift */ = {isa = PBXFileReference; lastKnownFileType = sourcecode.swift; path = ThemeButton.swift; sourceTree = "<group>"; };
		A100011D /* StoryReadingView.swift */ = {isa = PBXFileReference; lastKnownFileType = sourcecode.swift; path = StoryReadingView.swift; sourceTree = "<group>"; };
		A100011F /* ProfileSwitcherButton.swift */ = {isa = PBXFileReference; lastKnownFileType = sourcecode.swift; path = ProfileSwitcherButton.swift; sourceTree = "<group>"; };
		A1000121 /* ChildPickerView.swift */ = {isa = PBXFileReference; lastKnownFileType = sourcecode.swift; path = ChildPickerView.swift; sourceTree = "<group>"; };
		A1000123 /* ShareSheet.swift */ = {isa = PBXFileReference; lastKnownFileType = sourcecode.swift; path = ShareSheet.swift; sourceTree = "<group>"; };
		A1000125 /* ParentProfileCard.swift */ = {isa = PBXFileReference; lastKnownFileType = sourcecode.swift; path = ParentProfileCard.swift; sourceTree = "<group>"; };
		A1000127 /* ChildCardView.swift */ = {isa = PBXFileReference; lastKnownFileType = sourcecode.swift; path = ChildCardView.swift; sourceTree = "<group>"; };
		A1000129 /* GuestModeBanner.swift */ = {isa = PBXFileReference; lastKnownFileType = sourcecode.swift; path = GuestModeBanner.swift; sourceTree = "<group>"; };
		A100012B /* ProfileEditView.swift */ = {isa = PBXFileReference; lastKnownFileType = sourcecode.swift; path = ProfileEditView.swift; sourceTree = "<group>"; };
		A100012D /* TabBarButton.swift */ = {isa = PBXFileReference; lastKnownFileType = sourcecode.swift; path = TabBarButton.swift; sourceTree = "<group>"; };
		A100012F /* HeroInterestChip.swift */ = {isa = PBXFileReference; lastKnownFileType = sourcecode.swift; path = HeroInterestChip.swift; sourceTree = "<group>"; };
		A1000131 /* StarParticleAnimation.swift */ = {isa = PBXFileReference; lastKnownFileType = sourcecode.swift; path = StarParticleAnimation.swift; sourceTree = "<group>"; };
		A1000133 /* EditChildView.swift */ = {isa = PBXFileReference; lastKnownFileType = sourcecode.swift; path = EditChildView.swift; sourceTree = "<group>"; };
		A1000135 /* TonightsPickCard.swift */ = {isa = PBXFileReference; lastKnownFileType = sourcecode.swift; path = TonightsPickCard.swift; sourceTree = "<group>"; };
		B1000002 /* HapticFeedback.swift */ = {isa = PBXFileReference; lastKnownFileType = sourcecode.swift; path = HapticFeedback.swift; sourceTree = "<group>"; };
		B1000004 /* ChildAvatarView.swift */ = {isa = PBXFileReference; lastKnownFileType = sourcecode.swift; path = ChildAvatarView.swift; sourceTree = "<group>"; };
		B1000006 /* GenerateStoryComponents.swift */ = {isa = PBXFileReference; lastKnownFileType = sourcecode.swift; path = GenerateStoryComponents.swift; sourceTree = "<group>"; };
		B1000008 /* GenerateStoryEmptyStateView.swift */ = {isa = PBXFileReference; lastKnownFileType = sourcecode.swift; path = GenerateStoryEmptyStateView.swift; sourceTree = "<group>"; };
		B100000A /* DurationSectionView.swift */ = {isa = PBXFileReference; lastKnownFileType = sourcecode.swift; path = DurationSectionView.swift; sourceTree = "<group>"; };
		B100000C /* ThemeSelectionSection.swift */ = {isa = PBXFileReference; lastKnownFileType = sourcecode.swift; path = ThemeSelectionSection.swift; sourceTree = "<group>"; };
		B100000E /* PlotSectionView.swift */ = {isa = PBXFileReference; lastKnownFileType = sourcecode.swift; path = PlotSectionView.swift; sourceTree = "<group>"; };
		B1000010 /* HomeWelcomeHeader.swift */ = {isa = PBXFileReference; lastKnownFileType = sourcecode.swift; path = HomeWelcomeHeader.swift; sourceTree = "<group>"; };
		B1000012 /* DailyFreeStorySection.swift */ = {isa = PBXFileReference; lastKnownFileType = sourcecode.swift; path = DailyFreeStorySection.swift; sourceTree = "<group>"; };
		B1000014 /* RecentMagicSection.swift */ = {isa = PBXFileReference; lastKnownFileType = sourcecode.swift; path = RecentMagicSection.swift; sourceTree = "<group>"; };
		B1000016 /* LibraryComponents.swift */ = {isa = PBXFileReference; lastKnownFileType = sourcecode.swift; path = LibraryComponents.swift; sourceTree = "<group>"; };
		D9E2D5CB2EFD60A40082D3B4 /* Child.swift */ = {isa = PBXFileReference; lastKnownFileType = sourcecode.swift; path = Child.swift; sourceTree = "<group>"; };
		D9E2D5CC2EFD60A40082D3B4 /* Story.swift */ = {isa = PBXFileReference; lastKnownFileType = sourcecode.swift; path = Story.swift; sourceTree = "<group>"; };
		D9E2D5CE2EFD60A40082D3B4 /* AppTheme.swift */ = {isa = PBXFileReference; lastKnownFileType = sourcecode.swift; path = AppTheme.swift; sourceTree = "<group>"; };
		D9E2D5D02EFD60A40082D3B4 /* ChildrenStore.swift */ = {isa = PBXFileReference; lastKnownFileType = sourcecode.swift; path = ChildrenStore.swift; sourceTree = "<group>"; };
		D9E2D5D12EFD60A40082D3B4 /* StoriesStore.swift */ = {isa = PBXFileReference; lastKnownFileType = sourcecode.swift; path = StoriesStore.swift; sourceTree = "<group>"; };
		D9E2D5D32EFD60A40082D3B4 /* AddChildView.swift */ = {isa = PBXFileReference; lastKnownFileType = sourcecode.swift; path = AddChildView.swift; sourceTree = "<group>"; };
		D9E2D5D52EFD60A40082D3B4 /* GenerateStoryView.swift */ = {isa = PBXFileReference; lastKnownFileType = sourcecode.swift; path = GenerateStoryView.swift; sourceTree = "<group>"; };
		D9E2D5D62EFD60A40082D3B4 /* HomeView.swift */ = {isa = PBXFileReference; lastKnownFileType = sourcecode.swift; path = HomeView.swift; sourceTree = "<group>"; };
		D9E2D5D72EFD60A40082D3B4 /* LibraryView.swift */ = {isa = PBXFileReference; lastKnownFileType = sourcecode.swift; path = LibraryView.swift; sourceTree = "<group>"; };
		D9E2D5D82EFD60A40082D3B4 /* MainTabView.swift */ = {isa = PBXFileReference; lastKnownFileType = sourcecode.swift; path = MainTabView.swift; sourceTree = "<group>"; };
		D9E2D5D92EFD60A40082D3B4 /* SettingsView.swift */ = {isa = PBXFileReference; lastKnownFileType = sourcecode.swift; path = SettingsView.swift; sourceTree = "<group>"; };
		D9E2D5E62EFD60A40082D3B5 /* PremiumManager.swift */ = {isa = PBXFileReference; lastKnownFileType = sourcecode.swift; path = PremiumManager.swift; sourceTree = "<group>"; };
		D9E2D5E82EFD60A40082D3B6 /* UserSettings.swift */ = {isa = PBXFileReference; lastKnownFileType = sourcecode.swift; path = UserSettings.swift; sourceTree = "<group>"; };
		D9E2D5ED2EFD60A40082D3B8 /* PaywallView.swift */ = {isa = PBXFileReference; lastKnownFileType = sourcecode.swift; path = PaywallView.swift; sourceTree = "<group>"; };
		D9E2D5EF2EFD60A40082D3B9 /* StoryResultView.swift */ = {isa = PBXFileReference; lastKnownFileType = sourcecode.swift; path = StoryResultView.swift; sourceTree = "<group>"; };
		D9E2D5F12EFD60A40082D3BA /* GenerateStoryViewModel.swift */ = {isa = PBXFileReference; lastKnownFileType = sourcecode.swift; path = GenerateStoryViewModel.swift; sourceTree = "<group>"; };
		D9E2D5F32EFD60A40082D3BB /* ChildSelectionButton.swift */ = {isa = PBXFileReference; lastKnownFileType = sourcecode.swift; path = ChildSelectionButton.swift; sourceTree = "<group>"; };
		D9E2D5F52EFD60A40082D3BC /* DashedButton.swift */ = {isa = PBXFileReference; lastKnownFileType = sourcecode.swift; path = DashedButton.swift; sourceTree = "<group>"; };
		D9E2D5F72EFD60A40082D3BD /* SettingsRow.swift */ = {isa = PBXFileReference; lastKnownFileType = sourcecode.swift; path = SettingsRow.swift; sourceTree = "<group>"; };
		D9E2D5F92EFD60A40082D3BE /* ThemeSelectionButton.swift */ = {isa = PBXFileReference; lastKnownFileType = sourcecode.swift; path = ThemeSelectionButton.swift; sourceTree = "<group>"; };
		D9E2D5FB2EFD60A40082D3BF /* LanguageSelectionView.swift */ = {isa = PBXFileReference; lastKnownFileType = sourcecode.swift; path = LanguageSelectionView.swift; sourceTree = "<group>"; };
		D9E2D5FD2EFD60A40082D3C0 /* SettingsPlaceholderViews.swift */ = {isa = PBXFileReference; lastKnownFileType = sourcecode.swift; path = SettingsPlaceholderViews.swift; sourceTree = "<group>"; };
		D9E2D5FF2EFD60A40082D3C1 /* ThemeSelectionView.swift */ = {isa = PBXFileReference; lastKnownFileType = sourcecode.swift; path = ThemeSelectionView.swift; sourceTree = "<group>"; };
		D9E2D6072EFD60A40082D3C6 /* SignUpView.swift */ = {isa = PBXFileReference; lastKnownFileType = sourcecode.swift; path = SignUpView.swift; sourceTree = "<group>"; };
		D9E2D60B2EFD60A40082D3C8 /* CustomTabBar.swift */ = {isa = PBXFileReference; lastKnownFileType = sourcecode.swift; path = CustomTabBar.swift; sourceTree = "<group>"; };
		D9E2D60D2EFD60A40082D3C9 /* MagicSegmentedSelector.swift */ = {isa = PBXFileReference; lastKnownFileType = sourcecode.swift; path = MagicSegmentedSelector.swift; sourceTree = "<group>"; };
		D9E2D60F2EFD60A40082D3CA /* ProtagonistStyleSelector.swift */ = {isa = PBXFileReference; lastKnownFileType = sourcecode.swift; path = ProtagonistStyleSelector.swift; sourceTree = "<group>"; };
		D9E2D6112EFD60A40082D3CB /* AgeGroupGridSelector.swift */ = {isa = PBXFileReference; lastKnownFileType = sourcecode.swift; path = AgeGroupGridSelector.swift; sourceTree = "<group>"; };
		E7A1C2D3E4F5A6B700112234 /* StoryGeneratingView.swift */ = {isa = PBXFileReference; lastKnownFileType = sourcecode.swift; path = StoryGeneratingView.swift; sourceTree = "<group>"; };
		F1A2B3C4D5E6F7A8B9C0D1E2F4 /* Services/LocalizationManager.swift */ = {isa = PBXFileReference; lastKnownFileType = sourcecode.swift; path = Services/LocalizationManager.swift; sourceTree = "<group>"; };
/* End PBXFileReference section */

/* Begin PBXFrameworksBuildPhase section */
		A0FFFFFE /* Frameworks */ = {
			isa = PBXFrameworksBuildPhase;
			buildActionMask = 2147483647;
			files = (
				61F9D9EBEF1B4978933E2E51 /* Supabase in Frameworks */,
				9A88A6DA2F02E992009259D7 /* PostgREST in Frameworks */,
				9A88A6D82F02E992009259D7 /* Functions in Frameworks */,
				9A88A6D62F02E992009259D7 /* Auth in Frameworks */,
				9A88A6DE2F02E992009259D7 /* Storage in Frameworks */,
				9A88A6DC2F02E992009259D7 /* Realtime in Frameworks */,
			);
			runOnlyForDeploymentPostprocessing = 0;
		};
/* End PBXFrameworksBuildPhase section */

/* Begin PBXGroup section */
		A0FFFFF8 = {
			isa = PBXGroup;
			children = (
				A0FFFFF9 /* FairyTalesAI */,
				A100000F /* Products */,
			);
			sourceTree = "<group>";
		};
		A0FFFFF9 /* FairyTalesAI */ = {
			isa = PBXGroup;
			children = (
				9A88A6E12F02FDD8009259D7 /* FairyTalesAIDebug.entitlements */,
				A1000000 /* App.swift */,
				A1000002 /* ContentView.swift */,
				A1000004 /* Assets.xcassets */,
				5FA87F531EDB4E21A8F9FDAB /* LaunchScreen.storyboard */,
				A1000009 /* FairyTalesAI.entitlements */,
				A0FFFFFA /* Preview Content */,
				A1000134 /* Helpers */,
				D9E2D5CD2EFD60A40082D3B4 /* Models */,
				D9E2D5CF2EFD60A40082D3B4 /* Theme */,
				D9E2D5D22EFD60A40082D3B4 /* ViewModels */,
				D9E2D5DA2EFD60A40082D3B4 /* Views */,
				9AAB74272F02E21D005C3BE7 /* Services/SupabaseConfig.swift */,
				7A6F376FB37E4ECCA09E2FC9 /* Services/AuthService.swift */,
				9A88A6DF2F02EE2B009259D7 /* Services/StoriesService.swift */,
				9AA414E02F21442600CE76F8 /* Services/DailyFreeStoriesCacheService.swift */,
				9A88A6E22F02EE2B009259D8 /* Services/ChildrenService.swift */,
				F1A2B3C4D5E6F7A8B9C0D1E2F4 /* Services/LocalizationManager.swift */,
			);
			path = FairyTalesAI;
			sourceTree = "<group>";
		};
		A0FFFFFA /* Preview Content */ = {
			isa = PBXGroup;
			children = (
				A1000007 /* Preview Assets.xcassets */,
			);
			path = "Preview Content";
			sourceTree = "<group>";
		};
		A100000F /* Products */ = {
			isa = PBXGroup;
			children = (
				A0FFFFFF /* FairyTalesAI.app */,
			);
			name = Products;
			sourceTree = "<group>";
		};
		A1000134 /* Helpers */ = {
			isa = PBXGroup;
			children = (
				A1000101 /* FlagEmoji.swift */,
				B1000002 /* HapticFeedback.swift */,
			);
			path = Helpers;
			sourceTree = "<group>";
		};
		D9E2D5CD2EFD60A40082D3B4 /* Models */ = {
			isa = PBXGroup;
			children = (
				9AA414DB2F2144B800CE76F7 /* DailyFreeStoriesCache.swift */,
				D9E2D5CB2EFD60A40082D3B4 /* Child.swift */,
				D9E2D5CC2EFD60A40082D3B4 /* Story.swift */,
			);
			path = Models;
			sourceTree = "<group>";
		};
		D9E2D5CF2EFD60A40082D3B4 /* Theme */ = {
			isa = PBXGroup;
			children = (
				D9E2D5CE2EFD60A40082D3B4 /* AppTheme.swift */,
			);
			path = Theme;
			sourceTree = "<group>";
		};
		D9E2D5D22EFD60A40082D3B4 /* ViewModels */ = {
			isa = PBXGroup;
			children = (
				D9E2D5D02EFD60A40082D3B4 /* ChildrenStore.swift */,
				D9E2D5D12EFD60A40082D3B4 /* StoriesStore.swift */,
				D9E2D5E62EFD60A40082D3B5 /* PremiumManager.swift */,
				D9E2D5E82EFD60A40082D3B6 /* UserSettings.swift */,
				D9E2D5F12EFD60A40082D3BA /* GenerateStoryViewModel.swift */,
			);
			path = ViewModels;
			sourceTree = "<group>";
		};
		D9E2D5DA2EFD60A40082D3B4 /* Views */ = {
			isa = PBXGroup;
			children = (
				D9E2D5D32EFD60A40082D3B4 /* AddChildView.swift */,
				A1000133 /* EditChildView.swift */,
				D9E2D5D52EFD60A40082D3B4 /* GenerateStoryView.swift */,
				D9E2D5D62EFD60A40082D3B4 /* HomeView.swift */,
				D9E2D5D72EFD60A40082D3B4 /* LibraryView.swift */,
				70E32FB058A04056809C1CBD /* LoginView.swift */,
				D9E2D5D82EFD60A40082D3B4 /* MainTabView.swift */,
				E7A1C2D3E4F5A6B700112234 /* StoryGeneratingView.swift */,
				D9E2D5D92EFD60A40082D3B4 /* SettingsView.swift */,
				D9E2D6072EFD60A40082D3C6 /* SignUpView.swift */,
				D9E2D60B2EFD60A40082D3C8 /* CustomTabBar.swift */,
				D9E2D5ED2EFD60A40082D3B8 /* PaywallView.swift */,
				A100010F /* ChildDetailView.swift */,
				A1000109 /* StoryContentView.swift */,
				A100011D /* StoryReadingView.swift */,
				D9E2D5EF2EFD60A40082D3B9 /* StoryResultView.swift */,
				D9E2D6002EFD60A40082D3C2 /* Components */,
				D9E2D6012EFD60A40082D3C3 /* Settings */,
			);
			path = Views;
			sourceTree = "<group>";
		};
		D9E2D6002EFD60A40082D3C2 /* Components */ = {
			isa = PBXGroup;
			children = (
				A1000105 /* AnimatedBookIcon.swift */,
				B1000004 /* ChildAvatarView.swift */,
				A100010D /* ChildRowView.swift */,
				D9E2D5F32EFD60A40082D3BB /* ChildSelectionButton.swift */,
				A1000127 /* ChildCardView.swift */,
				A1000121 /* ChildPickerView.swift */,
				A1000117 /* ChildProfileCircle.swift */,
				B1000012 /* DailyFreeStorySection.swift */,
				D9E2D5F52EFD60A40082D3BC /* DashedButton.swift */,
				B100000A /* DurationSectionView.swift */,
				A1000103 /* FilterButton.swift */,
				A1000111 /* FreeDemoStoryCard.swift */,
				A1000113 /* FeatureCard.swift */,
				B1000006 /* GenerateStoryComponents.swift */,
				B1000008 /* GenerateStoryEmptyStateView.swift */,
				A1000115 /* GetStartedCard.swift */,
				A1000129 /* GuestModeBanner.swift */,
				A100012F /* HeroInterestChip.swift */,
				B1000010 /* HomeWelcomeHeader.swift */,
				B1000016 /* LibraryComponents.swift */,
				D9E2D60D2EFD60A40082D3C9 /* MagicSegmentedSelector.swift */,
				A1000125 /* ParentProfileCard.swift */,
				A100010B /* PaywallFeatureRow.swift */,
				B100000E /* PlotSectionView.swift */,
				A100011F /* ProfileSwitcherButton.swift */,
				D9E2D60F2EFD60A40082D3CA /* ProtagonistStyleSelector.swift */,
				B1000014 /* RecentMagicSection.swift */,
				D9E2D5F72EFD60A40082D3BD /* SettingsRow.swift */,
				A1000123 /* ShareSheet.swift */,
				A1000131 /* StarParticleAnimation.swift */,
				A1000119 /* StoryCard.swift */,
				A1000107 /* StoryLibraryRow.swift */,
				D9E2D6112EFD60A40082D3CB /* AgeGroupGridSelector.swift */,
				A100012D /* TabBarButton.swift */,
				A100011B /* ThemeButton.swift */,
				B100000C /* ThemeSelectionSection.swift */,
				A1000135 /* TonightsPickCard.swift */,
				D9E2D5F92EFD60A40082D3BE /* ThemeSelectionButton.swift */,
			);
			path = Components;
			sourceTree = "<group>";
		};
		D9E2D6012EFD60A40082D3C3 /* Settings */ = {
			isa = PBXGroup;
			children = (
				D9E2D5FB2EFD60A40082D3BF /* LanguageSelectionView.swift */,
				A100012B /* ProfileEditView.swift */,
				D9E2D5FD2EFD60A40082D3C0 /* SettingsPlaceholderViews.swift */,
				D9E2D5FF2EFD60A40082D3C1 /* ThemeSelectionView.swift */,
			);
			path = Settings;
			sourceTree = "<group>";
		};
/* End PBXGroup section */

/* Begin PBXNativeTarget section */
		A0FFFFFD /* FairyTalesAI */ = {
			isa = PBXNativeTarget;
			buildConfigurationList = A100000A /* Build configuration list for PBXNativeTarget "FairyTalesAI" */;
			buildPhases = (
				A0FFFFFC /* Sources */,
				A0FFFFFE /* Frameworks */,
				A1000006 /* Resources */,
			);
			buildRules = (
			);
			dependencies = (
			);
			name = FairyTalesAI;
			packageProductDependencies = (
				61F9D9EAEF1B4978933E2E50 /* Supabase */,
				9A88A6D52F02E992009259D7 /* Auth */,
				9A88A6D72F02E992009259D7 /* Functions */,
				9A88A6D92F02E992009259D7 /* PostgREST */,
				9A88A6DB2F02E992009259D7 /* Realtime */,
				9A88A6DD2F02E992009259D7 /* Storage */,
			);
			productName = FairyTalesAI;
			productReference = A0FFFFFF /* FairyTalesAI.app */;
			productType = "com.apple.product-type.application";
		};
/* End PBXNativeTarget section */

/* Begin PBXProject section */
		A0FFFFF7 /* Project object */ = {
			isa = PBXProject;
			attributes = {
				BuildIndependentTargetsInParallel = 1;
				LastSwiftUpdateCheck = 1500;
				LastUpgradeCheck = 2620;
			};
			buildConfigurationList = A0FFFFFB /* Build configuration list for PBXProject "FairyTalesAI" */;
			compatibilityVersion = "Xcode 14.0";
			developmentRegion = en;
			hasScannedForEncodings = 0;
			knownRegions = (
				en,
				Base,
			);
			mainGroup = A0FFFFF8;
			packageReferences = (
				9A88A6D42F02E992009259D7 /* XCRemoteSwiftPackageReference "supabase-swift" */,
			);
			productRefGroup = A100000F /* Products */;
			projectDirPath = "";
			projectRoot = "";
			targets = (
				A0FFFFFD /* FairyTalesAI */,
			);
		};
/* End PBXProject section */

/* Begin PBXResourcesBuildPhase section */
		A1000006 /* Resources */ = {
			isa = PBXResourcesBuildPhase;
			buildActionMask = 2147483647;
			files = (
				A1000008 /* Preview Assets.xcassets in Resources */,
				A1000005 /* Assets.xcassets in Resources */,
				4D5EFC56ACF847AA915B1D16 /* LaunchScreen.storyboard in Resources */,
			);
			runOnlyForDeploymentPostprocessing = 0;
		};
/* End PBXResourcesBuildPhase section */

/* Begin PBXSourcesBuildPhase section */
		A0FFFFFC /* Sources */ = {
			isa = PBXSourcesBuildPhase;
			buildActionMask = 2147483647;
			files = (
				9AA414DC2F2144B800CE76F7 /* DailyFreeStoriesCache.swift in Sources */,
				A1000003 /* ContentView.swift in Sources */,
				D9E2D5DB2EFD60A40082D3B4 /* StoriesStore.swift in Sources */,
				D9E2D5DC2EFD60A40082D3B4 /* ChildrenStore.swift in Sources */,
				D9E2D5E72EFD60A40082D3B5 /* PremiumManager.swift in Sources */,
				D9E2D5E92EFD60A40082D3B6 /* UserSettings.swift in Sources */,
				926E6249870741DCB9C75C62 /* LoginView.swift in Sources */,
				D9E2D6062EFD60A40082D3C6 /* SignUpView.swift in Sources */,
				D9E2D60A2EFD60A40082D3C8 /* CustomTabBar.swift in Sources */,
				D9E2D5EC2EFD60A40082D3B8 /* PaywallView.swift in Sources */,
				D9E2D5DE2EFD60A40082D3B4 /* AppTheme.swift in Sources */,
				D9E2D5DF2EFD60A40082D3B4 /* HomeView.swift in Sources */,
				D9E2D5E02EFD60A40082D3B4 /* LibraryView.swift in Sources */,
				D9E2D5E12EFD60A40082D3B4 /* Story.swift in Sources */,
				D9E2D5E22EFD60A40082D3B4 /* GenerateStoryView.swift in Sources */,
				D9E2D5E32EFD60A40082D3B4 /* AddChildView.swift in Sources */,
				9AAB74292F02E21D005C3BE7 /* Services/SupabaseConfig.swift in Sources */,
				5C20FA9A3A924DB8BFF95BB8 /* Services/AuthService.swift in Sources */,
				9A88A6E02F02EE2B009259D7 /* Services/StoriesService.swift in Sources */,
				9AA414E12F21442600CE76F8 /* Services/DailyFreeStoriesCacheService.swift in Sources */,
				9A88A6E12F02EE2B009259D8 /* Services/ChildrenService.swift in Sources */,
				F1A2B3C4D5E6F7A8B9C0D1E2F3 /* Services/LocalizationManager.swift in Sources */,
				D9E2D5E42EFD60A40082D3B4 /* SettingsView.swift in Sources */,
				D9E2D5E52EFD60A40082D3B4 /* MainTabView.swift in Sources */,
				E7A1C2D3E4F5A6B700112233 /* StoryGeneratingView.swift in Sources */,
				D9E2D5E62EFD60A40082D3B4 /* Child.swift in Sources */,
				A1000001 /* App.swift in Sources */,
				D9E2D5EE2EFD60A40082D3B9 /* StoryResultView.swift in Sources */,
				D9E2D5F02EFD60A40082D3BA /* GenerateStoryViewModel.swift in Sources */,
				D9E2D5F22EFD60A40082D3BB /* ChildSelectionButton.swift in Sources */,
				D9E2D5F42EFD60A40082D3BC /* DashedButton.swift in Sources */,
				D9E2D5F62EFD60A40082D3BD /* SettingsRow.swift in Sources */,
				D9E2D5F82EFD60A40082D3BE /* ThemeSelectionButton.swift in Sources */,
				D9E2D60C2EFD60A40082D3C9 /* MagicSegmentedSelector.swift in Sources */,
				D9E2D60E2EFD60A40082D3CA /* ProtagonistStyleSelector.swift in Sources */,
				D9E2D6102EFD60A40082D3CB /* AgeGroupGridSelector.swift in Sources */,
				D9E2D5FA2EFD60A40082D3BF /* LanguageSelectionView.swift in Sources */,
				D9E2D5FC2EFD60A40082D3C0 /* SettingsPlaceholderViews.swift in Sources */,
				D9E2D5FE2EFD60A40082D3C1 /* ThemeSelectionView.swift in Sources */,
				A1000100 /* FlagEmoji.swift in Sources */,
				A1000102 /* FilterButton.swift in Sources */,
				A1000104 /* AnimatedBookIcon.swift in Sources */,
				A1000106 /* StoryLibraryRow.swift in Sources */,
				A1000108 /* StoryContentView.swift in Sources */,
				A100010A /* PaywallFeatureRow.swift in Sources */,
				A100010C /* ChildRowView.swift in Sources */,
				A100010E /* ChildDetailView.swift in Sources */,
				A1000110 /* FreeDemoStoryCard.swift in Sources */,
				A1000112 /* FeatureCard.swift in Sources */,
				A1000114 /* GetStartedCard.swift in Sources */,
				A1000116 /* ChildProfileCircle.swift in Sources */,
				A1000118 /* StoryCard.swift in Sources */,
				A100011A /* ThemeButton.swift in Sources */,
				A1000136 /* TonightsPickCard.swift in Sources */,
				A100011C /* StoryReadingView.swift in Sources */,
				A100011E /* ProfileSwitcherButton.swift in Sources */,
				A1000120 /* ChildPickerView.swift in Sources */,
				A1000122 /* ShareSheet.swift in Sources */,
				A1000124 /* ParentProfileCard.swift in Sources */,
				A1000126 /* ChildCardView.swift in Sources */,
				A1000128 /* GuestModeBanner.swift in Sources */,
				A100012A /* ProfileEditView.swift in Sources */,
				A100012C /* TabBarButton.swift in Sources */,
				A100012E /* HeroInterestChip.swift in Sources */,
				A1000130 /* StarParticleAnimation.swift in Sources */,
				A1000132 /* EditChildView.swift in Sources */,
				B1000001 /* HapticFeedback.swift in Sources */,
				B1000003 /* ChildAvatarView.swift in Sources */,
				B1000005 /* GenerateStoryComponents.swift in Sources */,
				B1000007 /* GenerateStoryEmptyStateView.swift in Sources */,
				B1000009 /* DurationSectionView.swift in Sources */,
				B100000B /* ThemeSelectionSection.swift in Sources */,
				B100000D /* PlotSectionView.swift in Sources */,
				B100000F /* HomeWelcomeHeader.swift in Sources */,
				B1000011 /* DailyFreeStorySection.swift in Sources */,
				B1000013 /* RecentMagicSection.swift in Sources */,
				B1000015 /* LibraryComponents.swift in Sources */,
			);
			runOnlyForDeploymentPostprocessing = 0;
		};
/* End PBXSourcesBuildPhase section */

/* Begin XCBuildConfiguration section */
		A100000B /* Debug */ = {
			isa = XCBuildConfiguration;
			buildSettings = {
				ALWAYS_SEARCH_USER_PATHS = NO;
				ASSETCATALOG_COMPILER_GENERATE_SWIFT_ASSET_SYMBOL_EXTENSIONS = YES;
				CLANG_ANALYZER_NONNULL = YES;
				CLANG_ANALYZER_NUMBER_OBJECT_CONVERSION = YES_AGGRESSIVE;
				CLANG_CXX_LANGUAGE_STANDARD = "gnu++20";
				CLANG_ENABLE_MODULES = YES;
				CLANG_ENABLE_OBJC_ARC = YES;
				CLANG_ENABLE_OBJC_WEAK = YES;
				CLANG_WARN_BLOCK_CAPTURE_AUTORELEASING = YES;
				CLANG_WARN_BOOL_CONVERSION = YES;
				CLANG_WARN_COMMA = YES;
				CLANG_WARN_CONSTANT_CONVERSION = YES;
				CLANG_WARN_DEPRECATED_OBJC_IMPLEMENTATIONS = YES;
				CLANG_WARN_DIRECT_OBJC_ISA_USAGE = YES_ERROR;
				CLANG_WARN_DOCUMENTATION_COMMENTS = YES;
				CLANG_WARN_EMPTY_BODY = YES;
				CLANG_WARN_ENUM_CONVERSION = YES;
				CLANG_WARN_INFINITE_RECURSION = YES;
				CLANG_WARN_INT_CONVERSION = YES;
				CLANG_WARN_NON_LITERAL_NULL_CONVERSION = YES;
				CLANG_WARN_OBJC_IMPLICIT_RETAIN_SELF = YES;
				CLANG_WARN_OBJC_LITERAL_CONVERSION = YES;
				CLANG_WARN_OBJC_ROOT_CLASS = YES_ERROR;
				CLANG_WARN_QUOTED_INCLUDE_IN_FRAMEWORK_HEADER = YES;
				CLANG_WARN_RANGE_LOOP_ANALYSIS = YES;
				CLANG_WARN_STRICT_PROTOTYPES = YES;
				CLANG_WARN_SUSPICIOUS_MOVE = YES;
				CLANG_WARN_UNGUARDED_AVAILABILITY = YES_AGGRESSIVE;
				CLANG_WARN_UNREACHABLE_CODE = YES;
				CLANG_WARN__DUPLICATE_METHOD_MATCH = YES;
				COPY_PHASE_STRIP = NO;
				DEBUG_INFORMATION_FORMAT = dwarf;
				ENABLE_STRICT_OBJC_MSGSEND = YES;
				ENABLE_TESTABILITY = YES;
				ENABLE_USER_SCRIPT_SANDBOXING = YES;
				GCC_C_LANGUAGE_STANDARD = gnu17;
				GCC_DYNAMIC_NO_PIC = NO;
				GCC_NO_COMMON_BLOCKS = YES;
				GCC_OPTIMIZATION_LEVEL = 0;
				GCC_PREPROCESSOR_DEFINITIONS = (
					"DEBUG=1",
					"$(inherited)",
				);
				GCC_WARN_64_TO_32_BIT_CONVERSION = YES;
				GCC_WARN_ABOUT_RETURN_TYPE = YES_ERROR;
				GCC_WARN_UNDECLARED_SELECTOR = YES;
				GCC_WARN_UNINITIALIZED_AUTOS = YES_AGGRESSIVE;
				GCC_WARN_UNUSED_FUNCTION = YES;
				GCC_WARN_UNUSED_VARIABLE = YES;
				IPHONEOS_DEPLOYMENT_TARGET = 17.0;
				LOCALIZATION_PREFERS_STRING_CATALOGS = YES;
				MTL_ENABLE_DEBUG_INFO = INCLUDE_SOURCE;
				MTL_FAST_MATH = YES;
				ONLY_ACTIVE_ARCH = YES;
				SDKROOT = iphoneos;
				STRING_CATALOG_GENERATE_SYMBOLS = YES;
				SWIFT_ACTIVE_COMPILATION_CONDITIONS = "DEBUG $(inherited)";
				SWIFT_OPTIMIZATION_LEVEL = "-Onone";
			};
			name = Debug;
		};
		A100000C /* Release */ = {
			isa = XCBuildConfiguration;
			buildSettings = {
				ALWAYS_SEARCH_USER_PATHS = NO;
				ASSETCATALOG_COMPILER_GENERATE_SWIFT_ASSET_SYMBOL_EXTENSIONS = YES;
				CLANG_ANALYZER_NONNULL = YES;
				CLANG_ANALYZER_NUMBER_OBJECT_CONVERSION = YES_AGGRESSIVE;
				CLANG_CXX_LANGUAGE_STANDARD = "gnu++20";
				CLANG_ENABLE_MODULES = YES;
				CLANG_ENABLE_OBJC_ARC = YES;
				CLANG_ENABLE_OBJC_WEAK = YES;
				CLANG_WARN_BLOCK_CAPTURE_AUTORELEASING = YES;
				CLANG_WARN_BOOL_CONVERSION = YES;
				CLANG_WARN_COMMA = YES;
				CLANG_WARN_CONSTANT_CONVERSION = YES;
				CLANG_WARN_DEPRECATED_OBJC_IMPLEMENTATIONS = YES;
				CLANG_WARN_DIRECT_OBJC_ISA_USAGE = YES_ERROR;
				CLANG_WARN_DOCUMENTATION_COMMENTS = YES;
				CLANG_WARN_EMPTY_BODY = YES;
				CLANG_WARN_ENUM_CONVERSION = YES;
				CLANG_WARN_INFINITE_RECURSION = YES;
				CLANG_WARN_INT_CONVERSION = YES;
				CLANG_WARN_NON_LITERAL_NULL_CONVERSION = YES;
				CLANG_WARN_OBJC_IMPLICIT_RETAIN_SELF = YES;
				CLANG_WARN_OBJC_LITERAL_CONVERSION = YES;
				CLANG_WARN_OBJC_ROOT_CLASS = YES_ERROR;
				CLANG_WARN_QUOTED_INCLUDE_IN_FRAMEWORK_HEADER = YES;
				CLANG_WARN_RANGE_LOOP_ANALYSIS = YES;
				CLANG_WARN_STRICT_PROTOTYPES = YES;
				CLANG_WARN_SUSPICIOUS_MOVE = YES;
				CLANG_WARN_UNGUARDED_AVAILABILITY = YES_AGGRESSIVE;
				CLANG_WARN_UNREACHABLE_CODE = YES;
				CLANG_WARN__DUPLICATE_METHOD_MATCH = YES;
				COPY_PHASE_STRIP = NO;
				DEBUG_INFORMATION_FORMAT = "dwarf-with-dsym";
				ENABLE_NS_ASSERTIONS = NO;
				ENABLE_STRICT_OBJC_MSGSEND = YES;
				ENABLE_USER_SCRIPT_SANDBOXING = YES;
				GCC_C_LANGUAGE_STANDARD = gnu17;
				GCC_NO_COMMON_BLOCKS = YES;
				GCC_WARN_64_TO_32_BIT_CONVERSION = YES;
				GCC_WARN_ABOUT_RETURN_TYPE = YES_ERROR;
				GCC_WARN_UNDECLARED_SELECTOR = YES;
				GCC_WARN_UNINITIALIZED_AUTOS = YES_AGGRESSIVE;
				GCC_WARN_UNUSED_FUNCTION = YES;
				GCC_WARN_UNUSED_VARIABLE = YES;
				IPHONEOS_DEPLOYMENT_TARGET = 17.0;
				LOCALIZATION_PREFERS_STRING_CATALOGS = YES;
				MTL_ENABLE_DEBUG_INFO = NO;
				MTL_FAST_MATH = YES;
				SDKROOT = iphoneos;
				STRING_CATALOG_GENERATE_SYMBOLS = YES;
				SWIFT_COMPILATION_MODE = wholemodule;
				VALIDATE_PRODUCT = YES;
			};
			name = Release;
		};
		A100000D /* Debug */ = {
			isa = XCBuildConfiguration;
			buildSettings = {
				ASSETCATALOG_COMPILER_APPICON_NAME = AppIcon;
				ASSETCATALOG_COMPILER_GLOBAL_ACCENT_COLOR_NAME = AccentColor;
				ASSETCATALOG_COMPILER_INCLUDE_ALL_APPICON_ASSETS = NO;
				CODE_SIGN_ENTITLEMENTS = FairyTalesAI/FairyTalesAIDebug.entitlements;
				CODE_SIGN_IDENTITY = "Apple Development";
				CODE_SIGN_STYLE = Automatic;
				CURRENT_PROJECT_VERSION = 1;
				DEVELOPMENT_ASSET_PATHS = "\"FairyTalesAI/Preview Content\"";
				DEVELOPMENT_TEAM = 53J2SZ9ST2;
				ENABLE_PREVIEWS = YES;
				GENERATE_INFOPLIST_FILE = YES;
				INFOPLIST_KEY_UIApplicationSceneManifest_Generation = YES;
				INFOPLIST_KEY_UIApplicationSupportsIndirectInputEvents = YES;
				INFOPLIST_KEY_UILaunchScreen_Generation = NO;
				INFOPLIST_KEY_UILaunchStoryboardName = LaunchScreen;
				INFOPLIST_KEY_UISupportedInterfaceOrientations_iPad = "UIInterfaceOrientationPortrait UIInterfaceOrientationPortraitUpsideDown UIInterfaceOrientationLandscapeLeft UIInterfaceOrientationLandscapeRight";
				INFOPLIST_KEY_UISupportedInterfaceOrientations_iPhone = "UIInterfaceOrientationPortrait UIInterfaceOrientationLandscapeLeft UIInterfaceOrientationLandscapeRight";
				IPHONEOS_DEPLOYMENT_TARGET = 17.6;
				LD_RUNPATH_SEARCH_PATHS = (
					"$(inherited)",
					"@executable_path/Frameworks",
				);
				MARKETING_VERSION = 1.0;
				PRODUCT_BUNDLE_IDENTIFIER = com.fairytalesai.app;
				PRODUCT_NAME = "$(TARGET_NAME)";
				PROVISIONING_PROFILE_SPECIFIER = "";
				SWIFT_EMIT_LOC_STRINGS = YES;
				SWIFT_VERSION = 5.0;
				TARGETED_DEVICE_FAMILY = 1;
			};
			name = Debug;
		};
		A100000E /* Release */ = {
			isa = XCBuildConfiguration;
			buildSettings = {
				ASSETCATALOG_COMPILER_APPICON_NAME = AppIcon;
				ASSETCATALOG_COMPILER_GLOBAL_ACCENT_COLOR_NAME = AccentColor;
				ASSETCATALOG_COMPILER_INCLUDE_ALL_APPICON_ASSETS = NO;
				CODE_SIGN_ENTITLEMENTS = FairyTalesAI/FairyTalesAI.entitlements;
				CODE_SIGN_STYLE = Automatic;
				CURRENT_PROJECT_VERSION = 1;
				DEVELOPMENT_ASSET_PATHS = "\"FairyTalesAI/Preview Content\"";
				DEVELOPMENT_TEAM = 53J2SZ9ST2;
				ENABLE_PREVIEWS = YES;
				GENERATE_INFOPLIST_FILE = YES;
				INFOPLIST_KEY_UIApplicationSceneManifest_Generation = YES;
				INFOPLIST_KEY_UIApplicationSupportsIndirectInputEvents = YES;
				INFOPLIST_KEY_UILaunchScreen_Generation = NO;
				INFOPLIST_KEY_UILaunchStoryboardName = LaunchScreen;
				INFOPLIST_KEY_UISupportedInterfaceOrientations_iPad = "UIInterfaceOrientationPortrait UIInterfaceOrientationPortraitUpsideDown UIInterfaceOrientationLandscapeLeft UIInterfaceOrientationLandscapeRight";
				INFOPLIST_KEY_UISupportedInterfaceOrientations_iPhone = "UIInterfaceOrientationPortrait UIInterfaceOrientationLandscapeLeft UIInterfaceOrientationLandscapeRight";
				IPHONEOS_DEPLOYMENT_TARGET = 17.6;
				LD_RUNPATH_SEARCH_PATHS = (
					"$(inherited)",
					"@executable_path/Frameworks",
				);
				MARKETING_VERSION = 1.0;
				PRODUCT_BUNDLE_IDENTIFIER = com.fairytalesai.app;
				PRODUCT_NAME = "$(TARGET_NAME)";
				SWIFT_EMIT_LOC_STRINGS = YES;
				SWIFT_VERSION = 5.0;
				TARGETED_DEVICE_FAMILY = 1;
			};
			name = Release;
		};
/* End XCBuildConfiguration section */

/* Begin XCConfigurationList section */
		A0FFFFFB /* Build configuration list for PBXProject "FairyTalesAI" */ = {
			isa = XCConfigurationList;
			buildConfigurations = (
				A100000B /* Debug */,
				A100000C /* Release */,
			);
			defaultConfigurationIsVisible = 0;
			defaultConfigurationName = Release;
		};
		A100000A /* Build configuration list for PBXNativeTarget "FairyTalesAI" */ = {
			isa = XCConfigurationList;
			buildConfigurations = (
				A100000D /* Debug */,
				A100000E /* Release */,
			);
			defaultConfigurationIsVisible = 0;
			defaultConfigurationName = Release;
		};
/* End XCConfigurationList section */

/* Begin XCRemoteSwiftPackageReference section */
		9A88A6D42F02E992009259D7 /* XCRemoteSwiftPackageReference "supabase-swift" */ = {
			isa = XCRemoteSwiftPackageReference;
			repositoryURL = "https://github.com/supabase/supabase-swift";
			requirement = {
				kind = upToNextMajorVersion;
				minimumVersion = 2.5.1;
			};
		};
/* End XCRemoteSwiftPackageReference section */

/* Begin XCSwiftPackageProductDependency section */
		61F9D9EAEF1B4978933E2E50 /* Supabase */ = {
			isa = XCSwiftPackageProductDependency;
			package = 9A88A6D42F02E992009259D7 /* XCRemoteSwiftPackageReference "supabase-swift" */;
			productName = Supabase;
		};
		9A88A6D52F02E992009259D7 /* Auth */ = {
			isa = XCSwiftPackageProductDependency;
			package = 9A88A6D42F02E992009259D7 /* XCRemoteSwiftPackageReference "supabase-swift" */;
			productName = Auth;
		};
		9A88A6D72F02E992009259D7 /* Functions */ = {
			isa = XCSwiftPackageProductDependency;
			package = 9A88A6D42F02E992009259D7 /* XCRemoteSwiftPackageReference "supabase-swift" */;
			productName = Functions;
		};
		9A88A6D92F02E992009259D7 /* PostgREST */ = {
			isa = XCSwiftPackageProductDependency;
			package = 9A88A6D42F02E992009259D7 /* XCRemoteSwiftPackageReference "supabase-swift" */;
			productName = PostgREST;
		};
		9A88A6DB2F02E992009259D7 /* Realtime */ = {
			isa = XCSwiftPackageProductDependency;
			package = 9A88A6D42F02E992009259D7 /* XCRemoteSwiftPackageReference "supabase-swift" */;
			productName = Realtime;
		};
		9A88A6DD2F02E992009259D7 /* Storage */ = {
			isa = XCSwiftPackageProductDependency;
			package = 9A88A6D42F02E992009259D7 /* XCRemoteSwiftPackageReference "supabase-swift" */;
			productName = Storage;
		};
/* End XCSwiftPackageProductDependency section */
	};
	rootObject = A0FFFFF7 /* Project object */;
}
